
Microsoft Visual Studio Solution File, Format Version 12.00
# Visual Studio Version 17
VisualStudioVersion = 17.7.34018.315
MinimumVisualStudioVersion = 10.0.40219.1
Project("{FAE04EC0-301F-11D3-BF4B-00C04F79EFBC}") = "WebApplication5", "WebApplication5\WebApplication5.csproj", "{F2E974F7-A15B-4A66-947D-6D9536CE94C4}"
EndProject
Global
	GlobalSection(SolutionConfigurationPlatforms) = preSolution
		Debug|Any CPU = Debug|Any CPU
		Release|Any CPU = Release|Any CPU
	EndGlobalSection
	GlobalSection(ProjectConfigurationPlatforms) = postSolution
		{F2E974F7-A15B-4A66-947D-6D9536CE94C4}.Debug|Any CPU.ActiveCfg = Debug|Any CPU
		{F2E974F7-A15B-4A66-947D-6D9536CE94C4}.Debug|Any CPU.Build.0 = Debug|Any CPU
		{F2E974F7-A15B-4A66-947D-6D9536CE94C4}.Release|Any CPU.ActiveCfg = Release|Any CPU
		{F2E974F7-A15B-4A66-947D-6D9536CE94C4}.Release|Any CPU.Build.0 = Release|Any CPU
	EndGlobalSection
	GlobalSection(SolutionProperties) = preSolution
		HideSolutionNode = FALSE
	EndGlobalSection
	GlobalSection(ExtensibilityGlobals) = postSolution
		SolutionGuid = {CD47B45C-9007-4566-A2B3-F9727F7999D1}
	EndGlobalSection
EndGlobal
